
Microsoft Visual Studio Solution File, Format Version 12.00
# Visual Studio Version 17
VisualStudioVersion = 17.8.34511.84
MinimumVisualStudioVersion = 10.0.40219.1
Project("{2150E333-8FDC-42A3-9474-1A3956D46DE8}") = "src", "src", "{868AF82C-B631-4CEB-B823-531A4061704C}"
EndProject
Project("{2150E333-8FDC-42A3-9474-1A3956D46DE8}") = "Api", "Api", "{39995191-A8DB-4D93-8D09-67EEDCE7C46C}"
EndProject
Project("{9A19103F-16F7-4668-BE54-9A1E7A4F7556}") = "CleanArc.Web.Api", "CleanArc.Web.Api\CleanArc.Web.Api.csproj", "{55AA32F2-FA60-4E61-A45B-C8601DA41597}"
EndProject
Project("{2150E333-8FDC-42A3-9474-1A3956D46DE8}") = "Core", "Core", "{E4117669-3EB2-458E-8546-537730FF89F4}"
EndProject
Project("{9A19103F-16F7-4668-BE54-9A1E7A4F7556}") = "CleanArc.Application", "CleanArc.Application\CleanArc.Application.csproj", "{DA3A39A8-279A-4729-AC03-BA76824C7972}"
EndProject
Project("{9A19103F-16F7-4668-BE54-9A1E7A4F7556}") = "CleanArc.Domain", "CleanArc.Domain\CleanArc.Domain.csproj", "{A567DC67-B16D-4C0B-89D9-EA787DD6A769}"
EndProject
Project("{2150E333-8FDC-42A3-9474-1A3956D46DE8}") = "Infrastructure", "Infrastructure", "{ED38D821-557F-4308-A824-8E6E23294C66}"
EndProject
Project("{9A19103F-16F7-4668-BE54-9A1E7A4F7556}") = "CleanArc.Infrastructure.CrossCutting", "CleanArc.Infrastructure.CrossCutting\CleanArc.Infrastructure.CrossCutting.csproj", "{C2C53FD2-B57D-4BB0-BDE9-60073CB96C27}"
EndProject
Project("{9A19103F-16F7-4668-BE54-9A1E7A4F7556}") = "CleanArc.Infrastructure.Identity", "CleanArc.Infrastructure.Identity\CleanArc.Infrastructure.Identity.csproj", "{D037BDCE-01F3-4246-B01B-13470B97D851}"
EndProject
Project("{9A19103F-16F7-4668-BE54-9A1E7A4F7556}") = "CleanArc.Infrastructure.Persistence", "CleanArc.Infrastructure.Persistence\CleanArc.Infrastructure.Persistence.csproj", "{0F4C0181-C48F-4B76-8BCC-6D72D1C7D805}"
EndProject
Project("{2150E333-8FDC-42A3-9474-1A3956D46DE8}") = "Shared", "Shared", "{FDC598A1-9026-40D9-B2B1-BE506BCE13A8}"
EndProject
Project("{9A19103F-16F7-4668-BE54-9A1E7A4F7556}") = "CleanArc.SharedKernel", "CleanArc.SharedKernel\CleanArc.SharedKernel.csproj", "{F0161CA5-8F29-4D2A-9B5D-C0FB3DCC048D}"
EndProject
Project("{2150E333-8FDC-42A3-9474-1A3956D46DE8}") = "Tests", "Tests", "{0DA4C5D0-9295-4436-9D74-9C5B33082B01}"
EndProject
Project("{2150E333-8FDC-42A3-9474-1A3956D46DE8}") = "BaseSetup", "BaseSetup", "{01F3C25C-7CDD-473D-96F9-C9F15F9CE25D}"
EndProject
Project("{2150E333-8FDC-42A3-9474-1A3956D46DE8}") = "Infrastructure", "Infrastructure", "{6E337784-CCE3-46A4-A87A-28BA0AB571A1}"
EndProject
Project("{9A19103F-16F7-4668-BE54-9A1E7A4F7556}") = "CleanArc.Tests.Setup", "CleanArc.Tests.Setup\CleanArc.Tests.Setup.csproj", "{96C5C34D-0A24-4836-BAB4-2DB19652F6E8}"
EndProject
Project("{9A19103F-16F7-4668-BE54-9A1E7A4F7556}") = "CleanArc.Test.Infrastructure.Identity", "CleanArc.Test.Infrastructure.Identity\CleanArc.Test.Infrastructure.Identity.csproj", "{73CC4EA7-3E0D-4732-AD44-2C6BF2273351}"
EndProject
Project("{FAE04EC0-301F-11D3-BF4B-00C04F79EFBC}") = "CleanArc.WebFramework", "CleanArc.WebFramework\CleanArc.WebFramework.csproj", "{3DD8AA47-CEC8-4059-8A9E-E65F65E36AFD}"
EndProject
Global
	GlobalSection(SolutionConfigurationPlatforms) = preSolution
		Debug|Any CPU = Debug|Any CPU
		Release|Any CPU = Release|Any CPU
	EndGlobalSection
	GlobalSection(ProjectConfigurationPlatforms) = postSolution
		{55AA32F2-FA60-4E61-A45B-C8601DA41597}.Debug|Any CPU.ActiveCfg = Debug|Any CPU
		{55AA32F2-FA60-4E61-A45B-C8601DA41597}.Debug|Any CPU.Build.0 = Debug|Any CPU
		{55AA32F2-FA60-4E61-A45B-C8601DA41597}.Release|Any CPU.ActiveCfg = Release|Any CPU
		{55AA32F2-FA60-4E61-A45B-C8601DA41597}.Release|Any CPU.Build.0 = Release|Any CPU
		{DA3A39A8-279A-4729-AC03-BA76824C7972}.Debug|Any CPU.ActiveCfg = Debug|Any CPU
		{DA3A39A8-279A-4729-AC03-BA76824C7972}.Debug|Any CPU.Build.0 = Debug|Any CPU
		{DA3A39A8-279A-4729-AC03-BA76824C7972}.Release|Any CPU.ActiveCfg = Release|Any CPU
		{DA3A39A8-279A-4729-AC03-BA76824C7972}.Release|Any CPU.Build.0 = Release|Any CPU
		{A567DC67-B16D-4C0B-89D9-EA787DD6A769}.Debug|Any CPU.ActiveCfg = Debug|Any CPU
		{A567DC67-B16D-4C0B-89D9-EA787DD6A769}.Debug|Any CPU.Build.0 = Debug|Any CPU
		{A567DC67-B16D-4C0B-89D9-EA787DD6A769}.Release|Any CPU.ActiveCfg = Release|Any CPU
		{A567DC67-B16D-4C0B-89D9-EA787DD6A769}.Release|Any CPU.Build.0 = Release|Any CPU
		{C2C53FD2-B57D-4BB0-BDE9-60073CB96C27}.Debug|Any CPU.ActiveCfg = Debug|Any CPU
		{C2C53FD2-B57D-4BB0-BDE9-60073CB96C27}.Debug|Any CPU.Build.0 = Debug|Any CPU
		{C2C53FD2-B57D-4BB0-BDE9-60073CB96C27}.Release|Any CPU.ActiveCfg = Release|Any CPU
		{C2C53FD2-B57D-4BB0-BDE9-60073CB96C27}.Release|Any CPU.Build.0 = Release|Any CPU
		{D037BDCE-01F3-4246-B01B-13470B97D851}.Debug|Any CPU.ActiveCfg = Debug|Any CPU
		{D037BDCE-01F3-4246-B01B-13470B97D851}.Debug|Any CPU.Build.0 = Debug|Any CPU
		{D037BDCE-01F3-4246-B01B-13470B97D851}.Release|Any CPU.ActiveCfg = Release|Any CPU
		{D037BDCE-01F3-4246-B01B-13470B97D851}.Release|Any CPU.Build.0 = Release|Any CPU
		{0F4C0181-C48F-4B76-8BCC-6D72D1C7D805}.Debug|Any CPU.ActiveCfg = Debug|Any CPU
		{0F4C0181-C48F-4B76-8BCC-6D72D1C7D805}.Debug|Any CPU.Build.0 = Debug|Any CPU
		{0F4C0181-C48F-4B76-8BCC-6D72D1C7D805}.Release|Any CPU.ActiveCfg = Release|Any CPU
		{0F4C0181-C48F-4B76-8BCC-6D72D1C7D805}.Release|Any CPU.Build.0 = Release|Any CPU
		{F0161CA5-8F29-4D2A-9B5D-C0FB3DCC048D}.Debug|Any CPU.ActiveCfg = Debug|Any CPU
		{F0161CA5-8F29-4D2A-9B5D-C0FB3DCC048D}.Debug|Any CPU.Build.0 = Debug|Any CPU
		{F0161CA5-8F29-4D2A-9B5D-C0FB3DCC048D}.Release|Any CPU.ActiveCfg = Release|Any CPU
		{F0161CA5-8F29-4D2A-9B5D-C0FB3DCC048D}.Release|Any CPU.Build.0 = Release|Any CPU
		{96C5C34D-0A24-4836-BAB4-2DB19652F6E8}.Debug|Any CPU.ActiveCfg = Debug|Any CPU
		{96C5C34D-0A24-4836-BAB4-2DB19652F6E8}.Debug|Any CPU.Build.0 = Debug|Any CPU
		{96C5C34D-0A24-4836-BAB4-2DB19652F6E8}.Release|Any CPU.ActiveCfg = Release|Any CPU
		{96C5C34D-0A24-4836-BAB4-2DB19652F6E8}.Release|Any CPU.Build.0 = Release|Any CPU
		{73CC4EA7-3E0D-4732-AD44-2C6BF2273351}.Debug|Any CPU.ActiveCfg = Debug|Any CPU
		{73CC4EA7-3E0D-4732-AD44-2C6BF2273351}.Debug|Any CPU.Build.0 = Debug|Any CPU
		{73CC4EA7-3E0D-4732-AD44-2C6BF2273351}.Release|Any CPU.ActiveCfg = Release|Any CPU
		{73CC4EA7-3E0D-4732-AD44-2C6BF2273351}.Release|Any CPU.Build.0 = Release|Any CPU
		{3DD8AA47-CEC8-4059-8A9E-E65F65E36AFD}.Debug|Any CPU.ActiveCfg = Debug|Any CPU
		{3DD8AA47-CEC8-4059-8A9E-E65F65E36AFD}.Debug|Any CPU.Build.0 = Debug|Any CPU
		{3DD8AA47-CEC8-4059-8A9E-E65F65E36AFD}.Release|Any CPU.ActiveCfg = Release|Any CPU
		{3DD8AA47-CEC8-4059-8A9E-E65F65E36AFD}.Release|Any CPU.Build.0 = Release|Any CPU
	EndGlobalSection
	GlobalSection(SolutionProperties) = preSolution
		HideSolutionNode = FALSE
	EndGlobalSection
	GlobalSection(NestedProjects) = preSolution
		{39995191-A8DB-4D93-8D09-67EEDCE7C46C} = {868AF82C-B631-4CEB-B823-531A4061704C}
		{55AA32F2-FA60-4E61-A45B-C8601DA41597} = {39995191-A8DB-4D93-8D09-67EEDCE7C46C}
		{E4117669-3EB2-458E-8546-537730FF89F4} = {868AF82C-B631-4CEB-B823-531A4061704C}
		{DA3A39A8-279A-4729-AC03-BA76824C7972} = {E4117669-3EB2-458E-8546-537730FF89F4}
		{A567DC67-B16D-4C0B-89D9-EA787DD6A769} = {E4117669-3EB2-458E-8546-537730FF89F4}
		{ED38D821-557F-4308-A824-8E6E23294C66} = {868AF82C-B631-4CEB-B823-531A4061704C}
		{C2C53FD2-B57D-4BB0-BDE9-60073CB96C27} = {ED38D821-557F-4308-A824-8E6E23294C66}
		{D037BDCE-01F3-4246-B01B-13470B97D851} = {ED38D821-557F-4308-A824-8E6E23294C66}
		{0F4C0181-C48F-4B76-8BCC-6D72D1C7D805} = {ED38D821-557F-4308-A824-8E6E23294C66}
		{FDC598A1-9026-40D9-B2B1-BE506BCE13A8} = {868AF82C-B631-4CEB-B823-531A4061704C}
		{F0161CA5-8F29-4D2A-9B5D-C0FB3DCC048D} = {FDC598A1-9026-40D9-B2B1-BE506BCE13A8}
		{0DA4C5D0-9295-4436-9D74-9C5B33082B01} = {868AF82C-B631-4CEB-B823-531A4061704C}
		{01F3C25C-7CDD-473D-96F9-C9F15F9CE25D} = {0DA4C5D0-9295-4436-9D74-9C5B33082B01}
		{6E337784-CCE3-46A4-A87A-28BA0AB571A1} = {0DA4C5D0-9295-4436-9D74-9C5B33082B01}
		{96C5C34D-0A24-4836-BAB4-2DB19652F6E8} = {01F3C25C-7CDD-473D-96F9-C9F15F9CE25D}
		{73CC4EA7-3E0D-4732-AD44-2C6BF2273351} = {6E337784-CCE3-46A4-A87A-28BA0AB571A1}
		{3DD8AA47-CEC8-4059-8A9E-E65F65E36AFD} = {39995191-A8DB-4D93-8D09-67EEDCE7C46C}
	EndGlobalSection
	GlobalSection(ExtensibilityGlobals) = postSolution
		SolutionGuid = {C0037C1E-2774-48AB-8091-E5828B8B93B9}
	EndGlobalSection
EndGlobal
