
Microsoft Visual Studio Solution File, Format Version 12.00
# Visual Studio Version 17
VisualStudioVersion = 17.8.34330.188
MinimumVisualStudioVersion = 10.0.40219.1
Project("{2150E333-8FDC-42A3-9474-1A3956D46DE8}") = "src", "src", "{A32795EF-E9AF-43BB-BC8A-873EBDB353E1}"
EndProject
Project("{2150E333-8FDC-42A3-9474-1A3956D46DE8}") = "test", "test", "{53F082D1-4C57-43F7-9319-DFA5E107A1AC}"
EndProject
Project("{2150E333-8FDC-42A3-9474-1A3956D46DE8}") = "Api", "Api", "{CDE1C0EC-8CDC-466B-B093-11D5A040CE80}"
EndProject
Project("{2150E333-8FDC-42A3-9474-1A3956D46DE8}") = "Core", "Core", "{53A8BA42-C9CB-4B59-82B1-62B79F900FF4}"
EndProject
Project("{2150E333-8FDC-42A3-9474-1A3956D46DE8}") = "Infrastruture", "Infrastruture", "{F3876F90-012B-4FD5-81BD-3FACA21E77CC}"
EndProject
Project("{2150E333-8FDC-42A3-9474-1A3956D46DE8}") = "UI", "UI", "{2B9A7E99-6380-46E2-A5CC-38961C39336E}"
EndProject
Project("{9A19103F-16F7-4668-BE54-9A1E7A4F7556}") = "Demo.Domain", "Demo.Domain\Demo.Domain.csproj", "{B2E99EBA-CEAD-4C77-B524-46E61F423FA7}"
EndProject
Project("{9A19103F-16F7-4668-BE54-9A1E7A4F7556}") = "Demo.Application", "Demo.Application\Demo.Application.csproj", "{BDF62745-6938-49D9-AAA2-B69190E5A181}"
EndProject
Project("{9A19103F-16F7-4668-BE54-9A1E7A4F7556}") = "Demo.Infrastructure", "Demo.Infrastructure\Demo.Infrastructure.csproj", "{5B3E74DD-BBEC-48B3-8E55-07E50063B608}"
EndProject
Project("{9A19103F-16F7-4668-BE54-9A1E7A4F7556}") = "Demo.Persistence", "Demo.Persistence\Demo.Persistence.csproj", "{1CBF9DBF-51DB-468B-8DA9-1E4599D49971}"
EndProject
Project("{FAE04EC0-301F-11D3-BF4B-00C04F79EFBC}") = "Demo.Api", "Demo.Api\Demo.Api.csproj", "{C3BD8980-2911-4043-AEA8-3450FFDFB720}"
EndProject
Global
	GlobalSection(SolutionConfigurationPlatforms) = preSolution
		Debug|Any CPU = Debug|Any CPU
		Release|Any CPU = Release|Any CPU
	EndGlobalSection
	GlobalSection(ProjectConfigurationPlatforms) = postSolution
		{B2E99EBA-CEAD-4C77-B524-46E61F423FA7}.Debug|Any CPU.ActiveCfg = Debug|Any CPU
		{B2E99EBA-CEAD-4C77-B524-46E61F423FA7}.Debug|Any CPU.Build.0 = Debug|Any CPU
		{B2E99EBA-CEAD-4C77-B524-46E61F423FA7}.Release|Any CPU.ActiveCfg = Release|Any CPU
		{B2E99EBA-CEAD-4C77-B524-46E61F423FA7}.Release|Any CPU.Build.0 = Release|Any CPU
		{BDF62745-6938-49D9-AAA2-B69190E5A181}.Debug|Any CPU.ActiveCfg = Debug|Any CPU
		{BDF62745-6938-49D9-AAA2-B69190E5A181}.Debug|Any CPU.Build.0 = Debug|Any CPU
		{BDF62745-6938-49D9-AAA2-B69190E5A181}.Release|Any CPU.ActiveCfg = Release|Any CPU
		{BDF62745-6938-49D9-AAA2-B69190E5A181}.Release|Any CPU.Build.0 = Release|Any CPU
		{5B3E74DD-BBEC-48B3-8E55-07E50063B608}.Debug|Any CPU.ActiveCfg = Debug|Any CPU
		{5B3E74DD-BBEC-48B3-8E55-07E50063B608}.Debug|Any CPU.Build.0 = Debug|Any CPU
		{5B3E74DD-BBEC-48B3-8E55-07E50063B608}.Release|Any CPU.ActiveCfg = Release|Any CPU
		{5B3E74DD-BBEC-48B3-8E55-07E50063B608}.Release|Any CPU.Build.0 = Release|Any CPU
		{1CBF9DBF-51DB-468B-8DA9-1E4599D49971}.Debug|Any CPU.ActiveCfg = Debug|Any CPU
		{1CBF9DBF-51DB-468B-8DA9-1E4599D49971}.Debug|Any CPU.Build.0 = Debug|Any CPU
		{1CBF9DBF-51DB-468B-8DA9-1E4599D49971}.Release|Any CPU.ActiveCfg = Release|Any CPU
		{1CBF9DBF-51DB-468B-8DA9-1E4599D49971}.Release|Any CPU.Build.0 = Release|Any CPU
		{C3BD8980-2911-4043-AEA8-3450FFDFB720}.Debug|Any CPU.ActiveCfg = Debug|Any CPU
		{C3BD8980-2911-4043-AEA8-3450FFDFB720}.Debug|Any CPU.Build.0 = Debug|Any CPU
		{C3BD8980-2911-4043-AEA8-3450FFDFB720}.Release|Any CPU.ActiveCfg = Release|Any CPU
		{C3BD8980-2911-4043-AEA8-3450FFDFB720}.Release|Any CPU.Build.0 = Release|Any CPU
	EndGlobalSection
	GlobalSection(SolutionProperties) = preSolution
		HideSolutionNode = FALSE
	EndGlobalSection
	GlobalSection(NestedProjects) = preSolution
		{CDE1C0EC-8CDC-466B-B093-11D5A040CE80} = {A32795EF-E9AF-43BB-BC8A-873EBDB353E1}
		{53A8BA42-C9CB-4B59-82B1-62B79F900FF4} = {A32795EF-E9AF-43BB-BC8A-873EBDB353E1}
		{F3876F90-012B-4FD5-81BD-3FACA21E77CC} = {A32795EF-E9AF-43BB-BC8A-873EBDB353E1}
		{2B9A7E99-6380-46E2-A5CC-38961C39336E} = {A32795EF-E9AF-43BB-BC8A-873EBDB353E1}
		{B2E99EBA-CEAD-4C77-B524-46E61F423FA7} = {53A8BA42-C9CB-4B59-82B1-62B79F900FF4}
		{BDF62745-6938-49D9-AAA2-B69190E5A181} = {53A8BA42-C9CB-4B59-82B1-62B79F900FF4}
		{5B3E74DD-BBEC-48B3-8E55-07E50063B608} = {F3876F90-012B-4FD5-81BD-3FACA21E77CC}
		{1CBF9DBF-51DB-468B-8DA9-1E4599D49971} = {F3876F90-012B-4FD5-81BD-3FACA21E77CC}
		{C3BD8980-2911-4043-AEA8-3450FFDFB720} = {CDE1C0EC-8CDC-466B-B093-11D5A040CE80}
	EndGlobalSection
	GlobalSection(ExtensibilityGlobals) = postSolution
		SolutionGuid = {8740316C-4978-45EC-B054-EADC44A55EE5}
	EndGlobalSection
EndGlobal
